
Microsoft Visual Studio Solution File, Format Version 12.00
# Visual Studio Version 17
VisualStudioVersion = 17.0.32112.339
MinimumVisualStudioVersion = 10.0.40219.1
Project("{FAE04EC0-301F-11D3-BF4B-00C04F79EFBC}") = "21 zd Thread", "21 zd Thread\21 zd Thread.csproj", "{197CE3DE-2AF2-4F99-B94A-C122BEA66E56}"
EndProject
Global
	GlobalSection(SolutionConfigurationPlatforms) = preSolution
		Debug|Any CPU = Debug|Any CPU
		Release|Any CPU = Release|Any CPU
	EndGlobalSection
	GlobalSection(ProjectConfigurationPlatforms) = postSolution
		{197CE3DE-2AF2-4F99-B94A-C122BEA66E56}.Debug|Any CPU.ActiveCfg = Debug|Any CPU
		{197CE3DE-2AF2-4F99-B94A-C122BEA66E56}.Debug|Any CPU.Build.0 = Debug|Any CPU
		{197CE3DE-2AF2-4F99-B94A-C122BEA66E56}.Release|Any CPU.ActiveCfg = Release|Any CPU
		{197CE3DE-2AF2-4F99-B94A-C122BEA66E56}.Release|Any CPU.Build.0 = Release|Any CPU
	EndGlobalSection
	GlobalSection(SolutionProperties) = preSolution
		HideSolutionNode = FALSE
	EndGlobalSection
	GlobalSection(ExtensibilityGlobals) = postSolution
		SolutionGuid = {9954185B-A461-40FB-9CEC-432558F83EB1}
	EndGlobalSection
EndGlobal
